{
  "nodes": {
    "ags": {
      "inputs": {
        "nixpkgs": "nixpkgs"
      },
      "locked": {
        "lastModified": 1702170268,
        "narHash": "sha256-i67Jrx7VCvxmKT+FWb9/eUDuEnWdnE81Hh10vd7vBJM=",
        "owner": "Aylur",
        "repo": "ags",
        "rev": "1500cea7d76e8e5c89564a5c580a11bb2bdd86cf",
        "type": "github"
      },
      "original": {
        "owner": "Aylur",
        "repo": "ags",
        "type": "github"
      }
    },
    "datsnvim": {
      "flake": false,
      "locked": {
        "lastModified": 1703684226,
        "narHash": "sha256-mo58rCWjM36KgX5ycacPR6Nh5s8BPPECt+dQrGlD3Ww=",
        "ref": "refs/heads/main",
        "rev": "6e433a215b55f2ae992fd3b5e77e35f6b2b0e150",
        "shallow": true,
        "type": "git",
        "url": "file:///home/dtsf/.dotfiles/dotfiles/nvim"
      },
      "original": {
        "shallow": true,
        "type": "git",
        "url": "file:///home/dtsf/.dotfiles/dotfiles/nvim"
      }
    },
    "flake-utils": {
      "inputs": {
        "systems": "systems"
      },
      "locked": {
        "lastModified": 1685518550,
        "narHash": "sha256-o2d0KcvaXzTrPRIo0kOLV0/QXHhDQ5DTi+OxcjO8xqY=",
        "owner": "numtide",
        "repo": "flake-utils",
        "rev": "a1720a10a6cfe8234c0e93907ffe81be440f4cef",
        "type": "github"
      },
      "original": {
        "owner": "numtide",
        "repo": "flake-utils",
        "type": "github"
      }
    },
    "home-manager": {
      "inputs": {
        "nixpkgs": [
          "nixpkgs"
        ]
      },
      "locked": {
        "lastModified": 1702203126,
        "narHash": "sha256-4BhN2Vji19MzRC7SUfPZGmtZ2WZydQeUk/ogfRBIZMs=",
        "owner": "nix-community",
        "repo": "home-manager",
        "rev": "defbb9c5857e157703e8fc7cf3c2ceb01cb95883",
        "type": "github"
      },
      "original": {
        "owner": "nix-community",
        "repo": "home-manager",
        "type": "github"
      }
    },
    "nixpkgs": {
      "locked": {
        "lastModified": 1693471703,
        "narHash": "sha256-0l03ZBL8P1P6z8MaSDS/MvuU8E75rVxe5eE1N6gxeTo=",
        "owner": "NixOS",
        "repo": "nixpkgs",
        "rev": "3e52e76b70d5508f3cec70b882a29199f4d1ee85",
        "type": "github"
      },
      "original": {
        "owner": "NixOS",
        "ref": "nixos-unstable",
        "repo": "nixpkgs",
        "type": "github"
      }
    },
    "nixpkgs_2": {
      "locked": {
        "lastModified": 1701718080,
        "narHash": "sha256-6ovz0pG76dE0P170pmmZex1wWcQoeiomUZGggfH9XPs=",
        "owner": "nixos",
        "repo": "nixpkgs",
        "rev": "2c7f3c0fb7c08a0814627611d9d7d45ab6d75335",
        "type": "github"
      },
      "original": {
        "owner": "nixos",
        "ref": "nixos-unstable",
        "repo": "nixpkgs",
        "type": "github"
      }
    },
    "nixpkgs_3": {
      "locked": {
        "lastModified": 1686020360,
        "narHash": "sha256-Wee7lIlZ6DIZHHLiNxU5KdYZQl0iprENXa/czzI6Cj4=",
        "owner": "NixOS",
        "repo": "nixpkgs",
        "rev": "4729ffac6fd12e26e5a8de002781ffc49b0e94b7",
        "type": "github"
      },
      "original": {
        "owner": "NixOS",
        "ref": "nixos-unstable",
        "repo": "nixpkgs",
        "type": "github"
      }
    },
    "root": {
      "inputs": {
        "ags": "ags",
        "datsnvim": "datsnvim",
        "home-manager": "home-manager",
        "nixpkgs": "nixpkgs_2",
        "spicetify-nix": "spicetify-nix",
        "unix-scripts": "unix-scripts",
        "walls": "walls"
      }
    },
    "spicetify-nix": {
      "inputs": {
        "flake-utils": "flake-utils",
        "nixpkgs": "nixpkgs_3"
      },
      "locked": {
        "lastModified": 1699986787,
        "narHash": "sha256-eYlLWibKtHN/uWJQLzOMRXpoTbO6VcFTfVY4dpgdJcQ=",
        "owner": "the-argus",
        "repo": "spicetify-nix",
        "rev": "3c702af1f717b7876fac08809201b1368d0d956c",
        "type": "github"
      },
      "original": {
        "owner": "the-argus",
        "repo": "spicetify-nix",
        "type": "github"
      }
    },
    "systems": {
      "locked": {
        "lastModified": 1681028828,
        "narHash": "sha256-Vy1rq5AaRuLzOxct8nz4T6wlgyUR7zLU309k9mBC768=",
        "owner": "nix-systems",
        "repo": "default",
        "rev": "da67096a3b9bf56a91d16901293e51ba5b49a27e",
        "type": "github"
      },
      "original": {
        "owner": "nix-systems",
        "repo": "default",
        "type": "github"
      }
    },
    "unix-scripts": {
      "flake": false,
      "locked": {
        "lastModified": 1703711046,
        "narHash": "sha256-ebXdXsI7wtlbGiyFSH3fl5SghvDGgj4a5LzGsIbuT4s=",
        "ref": "refs/heads/main",
        "rev": "0c127931b71ae232001883bf1be2bb8bbec78ca0",
        "shallow": true,
        "type": "git",
        "url": "file:///home/dtsf/.dotfiles/dotfiles/bin"
      },
      "original": {
        "shallow": true,
        "type": "git",
        "url": "file:///home/dtsf/.dotfiles/dotfiles/bin"
      }
    },
    "walls": {
      "flake": false,
      "locked": {
        "lastModified": 1702434102,
        "narHash": "sha256-+aTdHT3MyCBudgJIOGpv5o6D2Su3rjV6181WddJRqh0=",
        "ref": "refs/heads/main",
        "rev": "813682bd2ff576060f2dba5d2554a6093eebc8fd",
        "shallow": true,
        "type": "git",
        "url": "file:///home/dtsf/.dotfiles/modules/walls"
      },
      "original": {
        "shallow": true,
        "type": "git",
        "url": "file:///home/dtsf/.dotfiles/modules/walls"
      }
    }
  },
  "root": "root",
  "version": 7
}
