{
  "nodes": {
    "datsnvim": {
      "inputs": {
        "flake-utils": "flake-utils",
        "hlchunk": "hlchunk",
        "nixpkgs": [
          "nixpkgs"
        ],
        "wakatime": "wakatime"
      },
      "locked": {
        "lastModified": 1736841954,
        "narHash": "sha256-97kL8/z6zd8IbkyveF7tG3ZTTg8cHZLSx9s0B1NBfxA=",
        "owner": "datsfilipe",
        "repo": "datsnvim",
        "rev": "1bfa775bab4a3311933d39c2193a928e3ed58506",
        "type": "github"
      },
      "original": {
        "owner": "datsfilipe",
        "ref": "main",
        "repo": "datsnvim",
        "type": "github"
      }
    },
    "flake-utils": {
      "inputs": {
        "systems": "systems"
      },
      "locked": {
        "lastModified": 1731533236,
        "narHash": "sha256-l0KFg5HjrsfsO/JpG+r7fRrqm12kzFHyUHqHCVpMMbI=",
        "owner": "numtide",
        "repo": "flake-utils",
        "rev": "11707dc2f618dd54ca8739b309ec4fc024de578b",
        "type": "github"
      },
      "original": {
        "owner": "numtide",
        "repo": "flake-utils",
        "type": "github"
      }
    },
    "flake-utils_2": {
      "inputs": {
        "systems": "systems_2"
      },
      "locked": {
        "lastModified": 1731533236,
        "narHash": "sha256-l0KFg5HjrsfsO/JpG+r7fRrqm12kzFHyUHqHCVpMMbI=",
        "owner": "numtide",
        "repo": "flake-utils",
        "rev": "11707dc2f618dd54ca8739b309ec4fc024de578b",
        "type": "github"
      },
      "original": {
        "owner": "numtide",
        "repo": "flake-utils",
        "type": "github"
      }
    },
    "hlchunk": {
      "flake": false,
      "locked": {
        "lastModified": 1732349755,
        "narHash": "sha256-f5VVfpfVZk6ULBWVSVEzXBN9F4ROTzhomV1F2mKIem4=",
        "owner": "shellRaining",
        "repo": "hlchunk.nvim",
        "rev": "5465dd33ade8676d63f6e8493252283060cd72ca",
        "type": "github"
      },
      "original": {
        "owner": "shellRaining",
        "repo": "hlchunk.nvim",
        "type": "github"
      }
    },
    "home-manager": {
      "inputs": {
        "nixpkgs": [
          "nixpkgs"
        ]
      },
      "locked": {
        "lastModified": 1736204492,
        "narHash": "sha256-CoBPRgkUex9Iz6qGSzi/BFVUQjndB0PmME2B6eEyeCs=",
        "owner": "nix-community",
        "repo": "home-manager",
        "rev": "20665c6efa83d71020c8730f26706258ba5c6b2a",
        "type": "github"
      },
      "original": {
        "owner": "nix-community",
        "ref": "master",
        "repo": "home-manager",
        "type": "github"
      }
    },
    "linux-shimeji": {
      "inputs": {
        "flake-utils": "flake-utils_2",
        "nixpkgs": [
          "nixpkgs"
        ]
      },
      "locked": {
        "lastModified": 1736684372,
        "narHash": "sha256-BRJxmRH3rzBT3wFKq873LpUmT+P1kaDVqOmP/t/6wMQ=",
        "owner": "datsfilipe",
        "repo": "linux-shimeji",
        "rev": "5f2d5c8c5c5058d86b4654ce07e2845ce8e5876b",
        "type": "github"
      },
      "original": {
        "owner": "datsfilipe",
        "ref": "main",
        "repo": "linux-shimeji",
        "type": "github"
      }
    },
    "nixpkgs": {
      "locked": {
        "lastModified": 1736012469,
        "narHash": "sha256-/qlNWm/IEVVH7GfgAIyP6EsVZI6zjAx1cV5zNyrs+rI=",
        "owner": "nixos",
        "repo": "nixpkgs",
        "rev": "8f3e1f807051e32d8c95cd12b9b421623850a34d",
        "type": "github"
      },
      "original": {
        "owner": "nixos",
        "ref": "nixos-unstable",
        "repo": "nixpkgs",
        "type": "github"
      }
    },
    "nixpkgs-stable": {
      "locked": {
        "lastModified": 1736061677,
        "narHash": "sha256-DjkQPnkAfd7eB522PwnkGhOMuT9QVCZspDpJJYyOj60=",
        "owner": "nixos",
        "repo": "nixpkgs",
        "rev": "cbd8ec4de4469333c82ff40d057350c30e9f7d36",
        "type": "github"
      },
      "original": {
        "owner": "nixos",
        "ref": "nixos-24.11",
        "repo": "nixpkgs",
        "type": "github"
      }
    },
    "nixpkgs-unstable": {
      "locked": {
        "lastModified": 1736012469,
        "narHash": "sha256-/qlNWm/IEVVH7GfgAIyP6EsVZI6zjAx1cV5zNyrs+rI=",
        "owner": "nixos",
        "repo": "nixpkgs",
        "rev": "8f3e1f807051e32d8c95cd12b9b421623850a34d",
        "type": "github"
      },
      "original": {
        "owner": "nixos",
        "ref": "nixos-unstable",
        "repo": "nixpkgs",
        "type": "github"
      }
    },
    "nixpkgs_2": {
      "locked": {
        "lastModified": 1728538411,
        "narHash": "sha256-f0SBJz1eZ2yOuKUr5CA9BHULGXVSn6miBuUWdTyhUhU=",
        "owner": "NixOS",
        "repo": "nixpkgs",
        "rev": "b69de56fac8c2b6f8fd27f2eca01dcda8e0a4221",
        "type": "github"
      },
      "original": {
        "owner": "NixOS",
        "ref": "nixpkgs-unstable",
        "repo": "nixpkgs",
        "type": "github"
      }
    },
    "root": {
      "inputs": {
        "datsnvim": "datsnvim",
        "home-manager": "home-manager",
        "linux-shimeji": "linux-shimeji",
        "nixpkgs": "nixpkgs",
        "nixpkgs-stable": "nixpkgs-stable",
        "nixpkgs-unstable": "nixpkgs-unstable",
        "sops-nix": "sops-nix",
        "unix-scripts": "unix-scripts",
        "zellij-switch": "zellij-switch"
      }
    },
    "rust-overlay": {
      "inputs": {
        "nixpkgs": "nixpkgs_2"
      },
      "locked": {
        "lastModified": 1736476219,
        "narHash": "sha256-+qyv3QqdZCdZ3cSO/cbpEY6tntyYjfe1bB12mdpNFaY=",
        "owner": "oxalica",
        "repo": "rust-overlay",
        "rev": "de30cc5963da22e9742bbbbb9a3344570ed237b9",
        "type": "github"
      },
      "original": {
        "owner": "oxalica",
        "repo": "rust-overlay",
        "type": "github"
      }
    },
    "sops-nix": {
      "inputs": {
        "nixpkgs": [
          "nixpkgs"
        ]
      },
      "locked": {
        "lastModified": 1736203741,
        "narHash": "sha256-eSjkBwBdQk+TZWFlLbclF2rAh4JxbGg8az4w/Lfe7f4=",
        "owner": "Mic92",
        "repo": "sops-nix",
        "rev": "c9c88f08e3ee495e888b8d7c8624a0b2519cb773",
        "type": "github"
      },
      "original": {
        "owner": "Mic92",
        "ref": "master",
        "repo": "sops-nix",
        "type": "github"
      }
    },
    "systems": {
      "locked": {
        "lastModified": 1681028828,
        "narHash": "sha256-Vy1rq5AaRuLzOxct8nz4T6wlgyUR7zLU309k9mBC768=",
        "owner": "nix-systems",
        "repo": "default",
        "rev": "da67096a3b9bf56a91d16901293e51ba5b49a27e",
        "type": "github"
      },
      "original": {
        "owner": "nix-systems",
        "repo": "default",
        "type": "github"
      }
    },
    "systems_2": {
      "locked": {
        "lastModified": 1681028828,
        "narHash": "sha256-Vy1rq5AaRuLzOxct8nz4T6wlgyUR7zLU309k9mBC768=",
        "owner": "nix-systems",
        "repo": "default",
        "rev": "da67096a3b9bf56a91d16901293e51ba5b49a27e",
        "type": "github"
      },
      "original": {
        "owner": "nix-systems",
        "repo": "default",
        "type": "github"
      }
    },
    "systems_3": {
      "locked": {
        "lastModified": 1681028828,
        "narHash": "sha256-Vy1rq5AaRuLzOxct8nz4T6wlgyUR7zLU309k9mBC768=",
        "owner": "nix-systems",
        "repo": "default",
        "rev": "da67096a3b9bf56a91d16901293e51ba5b49a27e",
        "type": "github"
      },
      "original": {
        "owner": "nix-systems",
        "repo": "default",
        "type": "github"
      }
    },
    "unix-scripts": {
      "flake": false,
      "locked": {
        "lastModified": 1736688681,
        "narHash": "sha256-xyrnzHDxv62dFwHG4O9vHKjAqH/bGavmcavZYbRWeNI=",
        "rev": "27ce679fcfd66a7a11d69f745260679b14d1dc8c",
        "revCount": 60,
        "shallow": true,
        "type": "git",
        "url": "file:///home/dtsf/.dotfiles/home/linux/base/scripts/conf"
      },
      "original": {
        "shallow": true,
        "type": "git",
        "url": "file:///home/dtsf/.dotfiles/home/linux/base/scripts/conf"
      }
    },
    "wakatime": {
      "flake": false,
      "locked": {
        "lastModified": 1731658836,
        "narHash": "sha256-S7SymK/GR42abii9bkU8tDELn64GEJ4oIccGiAhPpYE=",
        "owner": "wakatime",
        "repo": "vim-wakatime",
        "rev": "cf51327a9e08935569614d1cb24e779ee9f45519",
        "type": "github"
      },
      "original": {
        "owner": "wakatime",
        "repo": "vim-wakatime",
        "type": "github"
      }
    },
    "zellij-switch": {
      "inputs": {
        "nixpkgs": [
          "nixpkgs"
        ],
        "rust-overlay": "rust-overlay",
        "systems": "systems_3"
      },
      "locked": {
        "lastModified": 1736519327,
        "narHash": "sha256-A8VGuw/jIw+NCo5aCYy8MFrWpKzZLf77RApGGMzHxCY=",
        "owner": "datsfilipe",
        "repo": "zellij-switch",
        "rev": "aa03b4550387a9c84cf7fdd89f15a7bb9087f7c6",
        "type": "github"
      },
      "original": {
        "owner": "datsfilipe",
        "ref": "flake",
        "repo": "zellij-switch",
        "type": "github"
      }
    }
  },
  "root": "root",
  "version": 7
}
